
Microsoft Visual Studio Solution File, Format Version 12.00
# Visual Studio Version 16
VisualStudioVersion = 16.0.29009.5
MinimumVisualStudioVersion = 10.0.40219.1
Project("{FAE04EC0-301F-11D3-BF4B-00C04F79EFBC}") = "NancyFXAPI", "NancyFXAPI\NancyFXAPI.csproj", "{B620649E-C184-475C-AB69-EB35B8CCB983}"
EndProject
Global
	GlobalSection(SolutionConfigurationPlatforms) = preSolution
		Debug|Any CPU = Debug|Any CPU
		Release|Any CPU = Release|Any CPU
	EndGlobalSection
	GlobalSection(ProjectConfigurationPlatforms) = postSolution
		{B620649E-C184-475C-AB69-EB35B8CCB983}.Debug|Any CPU.ActiveCfg = Debug|Any CPU
		{B620649E-C184-475C-AB69-EB35B8CCB983}.Debug|Any CPU.Build.0 = Debug|Any CPU
		{B620649E-C184-475C-AB69-EB35B8CCB983}.Release|Any CPU.ActiveCfg = Release|Any CPU
		{B620649E-C184-475C-AB69-EB35B8CCB983}.Release|Any CPU.Build.0 = Release|Any CPU
	EndGlobalSection
	GlobalSection(SolutionProperties) = preSolution
		HideSolutionNode = FALSE
	EndGlobalSection
	GlobalSection(ExtensibilityGlobals) = postSolution
		SolutionGuid = {7DDEE347-177C-4E80-8552-0A1A18A9A343}
	EndGlobalSection
EndGlobal
