
Microsoft Visual Studio Solution File, Format Version 12.00
# Visual Studio Version 16
VisualStudioVersion = 16.0.29009.5
MinimumVisualStudioVersion = 10.0.40219.1
Project("{9A19103F-16F7-4668-BE54-9A1E7A4F7556}") = "NancyFXAPI", "src\NancyFXAPI\NancyFXAPI.csproj", "{8777F83C-9332-4EB7-AC53-37C94746A00C}"
EndProject
Global
	GlobalSection(SolutionConfigurationPlatforms) = preSolution
		Debug|Any CPU = Debug|Any CPU
		Release|Any CPU = Release|Any CPU
	EndGlobalSection
	GlobalSection(ProjectConfigurationPlatforms) = postSolution
		{8777F83C-9332-4EB7-AC53-37C94746A00C}.Debug|Any CPU.ActiveCfg = Debug|Any CPU
		{8777F83C-9332-4EB7-AC53-37C94746A00C}.Debug|Any CPU.Build.0 = Debug|Any CPU
		{8777F83C-9332-4EB7-AC53-37C94746A00C}.Release|Any CPU.ActiveCfg = Release|Any CPU
		{8777F83C-9332-4EB7-AC53-37C94746A00C}.Release|Any CPU.Build.0 = Release|Any CPU
	EndGlobalSection
	GlobalSection(SolutionProperties) = preSolution
		HideSolutionNode = FALSE
	EndGlobalSection
	GlobalSection(ExtensibilityGlobals) = postSolution
		SolutionGuid = {7DDEE347-177C-4E80-8552-0A1A18A9A343}
	EndGlobalSection
EndGlobal
